
Microsoft Visual Studio Solution File, Format Version 12.00
# Visual Studio Version 16
VisualStudioVersion = 16.0.31112.23
MinimumVisualStudioVersion = 10.0.40219.1
Project("{9A19103F-16F7-4668-BE54-9A1E7A4F7556}") = "Yolov5Net.App", "src\YOLOv5NET.App\Yolov5Net.App.csproj", "{92B0E896-A0FE-4E68-A1F7-0A3F67FD2927}"
EndProject
Project("{9A19103F-16F7-4668-BE54-9A1E7A4F7556}") = "Yolov5Net.Scorer", "src\YOLOv5NET.Scorer\Yolov5Net.Scorer.csproj", "{C71C1BC9-0B97-4244-83E0-3EB2F4766EA5}"
EndProject
Global
	GlobalSection(SolutionConfigurationPlatforms) = preSolution
		Debug|Any CPU = Debug|Any CPU
		Release|Any CPU = Release|Any CPU
	EndGlobalSection
	GlobalSection(ProjectConfigurationPlatforms) = postSolution
		{92B0E896-A0FE-4E68-A1F7-0A3F67FD2927}.Debug|Any CPU.ActiveCfg = Debug|Any CPU
		{92B0E896-A0FE-4E68-A1F7-0A3F67FD2927}.Debug|Any CPU.Build.0 = Debug|Any CPU
		{92B0E896-A0FE-4E68-A1F7-0A3F67FD2927}.Release|Any CPU.ActiveCfg = Release|Any CPU
		{92B0E896-A0FE-4E68-A1F7-0A3F67FD2927}.Release|Any CPU.Build.0 = Release|Any CPU
		{C71C1BC9-0B97-4244-83E0-3EB2F4766EA5}.Debug|Any CPU.ActiveCfg = Debug|Any CPU
		{C71C1BC9-0B97-4244-83E0-3EB2F4766EA5}.Debug|Any CPU.Build.0 = Debug|Any CPU
		{C71C1BC9-0B97-4244-83E0-3EB2F4766EA5}.Release|Any CPU.ActiveCfg = Release|Any CPU
		{C71C1BC9-0B97-4244-83E0-3EB2F4766EA5}.Release|Any CPU.Build.0 = Release|Any CPU
	EndGlobalSection
	GlobalSection(SolutionProperties) = preSolution
		HideSolutionNode = FALSE
	EndGlobalSection
	GlobalSection(ExtensibilityGlobals) = postSolution
		SolutionGuid = {2B4454E5-ECCA-496F-9E93-B0A6A91BA11E}
	EndGlobalSection
EndGlobal
